{
    "_meta": {
        "hash": {
            "sha256": "5632c0de4d6c69aa03bb0f7e213482677205a515a635fae7cfaeef39e77f8852"
        },
        "pipfile-spec": 6,
        "requires": {
            "python_version": "3.12"
        },
        "sources": [
            {
                "name": "pypi",
                "url": "https://pypi.python.org/simple",
                "verify_ssl": true
            }
        ]
    },
    "default": {
        "annotated-types": {
            "hashes": [
                "sha256:1f02e8b43a8fbbc3f3e0d4f0f4bfc8131bcb4eebe8849b8e5c773f3a1c582a53",
                "sha256:aff07c09a53a08bc8cfccb9c85b05f1aa9a2a6f23728d790723543408344ce89"
            ],
            "markers": "python_version >= '3.8'",
            "version": "==0.7.0"
        },
        "asgiref": {
            "hashes": [
                "sha256:0b61526596219d70396548fc003635056856dba5d0d086f86476f10b33c75960",
                "sha256:a0249afacb66688ef258ffe503528360443e2b9a8d8c4581b6ebefa58c841ef1"
            ],
            "index": "pypi",
            "markers": "python_version >= '3.9'",
            "version": "==3.9.2"
        },
        "chardet": {
            "hashes": [
                "sha256:1b3b6ff479a8c414bc3fa2c0852995695c4a026dcd6d0633b2dd092ca39c1cf7",
                "sha256:e1cf59446890a00105fe7b7912492ea04b6e6f06d4b742b2c788469e34c82970"
            ],
            "markers": "python_version >= '3.7'",
            "version": "==5.2.0"
        },
        "coverage": {
            "hashes": [
                "sha256:0266b62cbea568bd5e93a4da364d05de422110cbed5056d69339bd5af5685433",
                "sha256:0573f5cbf39114270842d01872952d301027d2d6e2d84013f30966313cadb529",
                "sha256:0ddcb70b3a3a57581b450571b31cb774f23eb9519c2aaa6176d3a84c9fc57671",
                "sha256:108bb458827765d538abcbf8288599fee07d2743357bdd9b9dad456c287e121e",
                "sha256:14045b8bfd5909196a90da145a37f9d335a5d988a83db34e80f41e965fb7cb42",
                "sha256:1a5407a75ca4abc20d6252efeb238377a71ce7bda849c26c7a9bece8680a5d99",
                "sha256:2bc3e45c16564cc72de09e37413262b9f99167803e5e48c6156bccdfb22c8327",
                "sha256:2d608a7808793e3615e54e9267519351c3ae204a6d85764d8337bd95993581a8",
                "sha256:34d23e28ccb26236718a3a78ba72744212aa383141961dd6825f6595005c8b06",
                "sha256:37a15573f988b67f7348916077c6d8ad43adb75e478d0910957394df397d2874",
                "sha256:3c0317288f032221d35fa4cbc35d9f4923ff0dfd176c79c9b356e8ef8ef2dff4",
                "sha256:3c42ec2c522e3ddd683dec5cdce8e62817afb648caedad9da725001fa530d354",
                "sha256:3c6b24007c4bcd0b19fac25763a7cac5035c735ae017e9a349b927cfc88f31c1",
                "sha256:40cca284c7c310d622a1677f105e8507441d1bb7c226f41978ba7c86979609ab",
                "sha256:46f21663e358beae6b368429ffadf14ed0a329996248a847a4322fb2e35d64d3",
                "sha256:49ed5ee4109258973630c1f9d099c7e72c5c36605029f3a91fe9982c6076c82b",
                "sha256:5c95e0fa3d1547cb6f021ab72f5c23402da2358beec0a8e6d19a368bd7b0fb37",
                "sha256:5dd4e4a49d9c72a38d18d641135d2fb0bdf7b726ca60a103836b3d00a1182acd",
                "sha256:5e444b8e88339a2a67ce07d41faabb1d60d1004820cee5a2c2b54e2d8e429a0f",
                "sha256:60dcf7605c50ea72a14490d0756daffef77a5be15ed1b9fea468b1c7bda1bc3b",
                "sha256:623e6965dcf4e28a3debaa6fcf4b99ee06d27218f46d43befe4db1c70841551c",
                "sha256:673184b3156cba06154825f25af33baa2671ddae6343f23175764e65a8c4c30b",
                "sha256:6cf96ceaa275f071f1bea3067f8fd43bec184a25a962c754024c973af871e1b7",
                "sha256:70a56a2ec1869e6e9fa69ef6b76b1a8a7ef709972b9cc473f9ce9d26b5997ce3",
                "sha256:77256ad2345c29fe59ae861aa11cfc74579c88d4e8dbf121cbe46b8e32aec808",
                "sha256:796c9b107d11d2d69e1849b2dfe41730134b526a49d3acb98ca02f4985eeff7a",
                "sha256:7c07de0d2a110f02af30883cd7dddbe704887617d5c27cf373362667445a4c76",
                "sha256:7e61b0e77ff4dddebb35a0e8bb5a68bf0f8b872407d8d9f0c726b65dfabe2469",
                "sha256:82c809a62e953867cf57e0548c2b8464207f5f3a6ff0e1e961683e79b89f2c55",
                "sha256:850cfd2d6fc26f8346f422920ac204e1d28814e32e3a58c19c91980fa74d8289",
                "sha256:87ea64b9fa52bf395272e54020537990a28078478167ade6c61da7ac04dc14bc",
                "sha256:90746521206c88bdb305a4bf3342b1b7316ab80f804d40c536fc7d329301ee13",
                "sha256:951aade8297358f3618a6e0660dc74f6b52233c42089d28525749fc8267dccd2",
                "sha256:963e4a08cbb0af6623e61492c0ec4c0ec5c5cf74db5f6564f98248d27ee57d30",
                "sha256:987a8e3da7da4eed10a20491cf790589a8e5e07656b6dc22d3814c4d88faf163",
                "sha256:9c2eb378bebb2c8f65befcb5147877fc1c9fbc640fc0aad3add759b5df79d55d",
                "sha256:a1ab9763d291a17b527ac6fd11d1a9a9c358280adb320e9c2672a97af346ac2c",
                "sha256:a3b925300484a3294d1c70f6b2b810d6526f2929de954e5b6be2bf8caa1f12c1",
                "sha256:acbb8af78f8f91b3b51f58f288c0994ba63c646bc1a8a22ad072e4e7e0a49f1c",
                "sha256:ad32a981bcdedb8d2ace03b05e4fd8dace8901eec64a532b00b15217d3677dd2",
                "sha256:aee9cf6b0134d6f932d219ce253ef0e624f4fa588ee64830fcba193269e4daa3",
                "sha256:af05bbba896c4472a29408455fe31b3797b4d8648ed0a2ccac03e074a77e2314",
                "sha256:b6cce5c76985f81da3769c52203ee94722cd5d5889731cd70d31fee939b74bf0",
                "sha256:bb684694e99d0b791a43e9fc0fa58efc15ec357ac48d25b619f207c41f2fd384",
                "sha256:c132b5a22821f9b143f87446805e13580b67c670a548b96da945a8f6b4f2efbb",
                "sha256:c296263093f099da4f51b3dff1eff5d4959b527d4f2f419e16508c5da9e15e8c",
                "sha256:c973b2fe4dc445cb865ab369df7521df9c27bf40715c837a113edaa2aa9faf45",
                "sha256:cdd94501d65adc5c24f8a1a0eda110452ba62b3f4aeaba01e021c1ed9cb8f34a",
                "sha256:d79d4826e41441c9a118ff045e4bccb9fdbdcb1d02413e7ea6eb5c87b5439d24",
                "sha256:dbba8210f5067398b2c4d96b4e64d8fb943644d5eb70be0d989067c8ca40c0f8",
                "sha256:df002e59f2d29e889c37abd0b9ee0d0e6e38c24f5f55d71ff0e09e3412a340ec",
                "sha256:dfd14bcae0c94004baba5184d1c935ae0d1231b8409eb6c103a5fd75e8ecdc56",
                "sha256:e25bacb53a8c7325e34d45dddd2f2fbae0dbc230d0e2642e264a64e17322a777",
                "sha256:e2c8e3384c12dfa19fa9a52f23eb091a8fad93b5b81a41b14c17c78e23dd1d8b",
                "sha256:e5f2a0f161d126ccc7038f1f3029184dbdf8f018230af17ef6fd6a707a5b881f",
                "sha256:e69ad502f1a2243f739f5bd60565d14a278be58be4c137d90799f2c263e7049a",
                "sha256:ead9b9605c54d15be228687552916c89c9683c215370c4a44f1f217d2adcc34d",
                "sha256:f07ff574986bc3edb80e2c36391678a271d555f91fd1d332a1e0f4b5ea4b6ea9",
                "sha256:f2c7a045eef561e9544359a0bf5784b44e55cefc7261a20e730baa9220c83413",
                "sha256:f3e8796434a8106b3ac025fd15417315d7a58ee3e600ad4dbcfddc3f4b14342c",
                "sha256:f63e21ed474edd23f7501f89b53280014436e383a14b9bd77a648366c81dce7b",
                "sha256:fd49c01e5057a451c30c9b892948976f5d38f2cbd04dc556a82743ba8e27ed8c"
            ],
            "index": "pypi",
            "markers": "python_version >= '3.9'",
            "version": "==7.6.7"
        },
        "dj-database-url": {
            "hashes": [
                "sha256:ae52e8e634186b57e5a45e445da5dc407a819c2ceed8a53d1fac004cc5288787",
                "sha256:bb0d414ba0ac5cd62773ec7f86f8cc378a9dbb00a80884c2fc08cc570452521e"
            ],
            "index": "pypi",
            "version": "==2.3.0"
        },
        "dj-static": {
            "hashes": [
                "sha256:032ec1c532617922e6e3e956d504a6fb1acce4fc1c7c94612d0fda21828ce8ef"
            ],
            "index": "pypi",
            "version": "==0.0.6"
        },
        "django": {
            "hashes": [
                "sha256:06f257f79dc4c17f3f9e23b106a4c5ed1335abecbe731e83c598c941d14fbeed",
                "sha256:543ff21679f15e80edfc01fe7ea35f8291b6d4ea589433882913626a7c1cf929"
            ],
            "index": "pypi",
            "markers": "python_version >= '3.10'",
            "version": "==5.1.13"
        },
        "django-bmemcached": {
            "hashes": [
                "sha256:4e4b7d97216dbae331c1de10e699ca22804b94ec3a90d2762dd5d146e6986a8a"
            ],
            "index": "pypi",
            "version": "==0.3.0"
        },
        "django-braces": {
            "hashes": [
                "sha256:1c7a83877a2ea0478f051049594dcec215f873f1aecdc4b3ee73121932bf01b4",
                "sha256:1de7c2ba92147fc265ec034880aa5f2a714a5d1f1c1280278ca1fdd6f2a08e03"
            ],
            "index": "pypi",
            "version": "==1.16.0"
        },
        "django-custom-user": {
            "hashes": [
                "sha256:62e558287a9c5b45c93fc64141e004bcefac4d9eeac122bf4de462f3f6855c17",
                "sha256:d66ee7b43f67dd8a8aadc675b070b9960e67e7662917d6958462fc19ba8ff437"
            ],
            "index": "pypi",
            "markers": "python_version >= '3.7' and python_version < '4.0'",
            "version": "==1.1"
        },
        "django-debug-toolbar": {
            "hashes": [
                "sha256:36e421cb908c2f0675e07f9f41e3d1d8618dc386392ec82d23bcfcd5d29c7044",
                "sha256:3beb671c9ec44ffb817fad2780667f172bd1c067dbcabad6268ce39a81335f45"
            ],
            "index": "pypi",
            "markers": "python_version >= '3.8'",
            "version": "==4.4.6"
        },
        "django-qr-code": {
            "hashes": [
                "sha256:000ae66411a13ce9b21c2631177b3f457614528c8866ebff3f7e991f4b6082b7",
                "sha256:0d236a2385385cb8570a7191597120be6abfc5ca2ad49aabe2b182ddb28c12b0"
            ],
            "index": "pypi",
            "markers": "python_version >= '3.10'",
            "version": "==4.1.0"
        },
        "django-render-block": {
            "hashes": [
                "sha256:23fbc9cfed17aac47e936e65f0c29ae186765a41234cdc8dbf88d4a9377fdd76",
                "sha256:4deeec70a360aa90385443aeae1213ffb2acbfe2b5fb09d4afe47e75a29240c3"
            ],
            "index": "pypi",
            "markers": "python_version >= '3.8'",
            "version": "==0.10"
        },
        "django-webpack-loader": {
            "hashes": [
                "sha256:15c05cb685b113c5e6f947efa8ee3888a03c2969a2dd0da4c7610b3e695f67ba",
                "sha256:f11b79700d1bfc1299131bdf4ba479c1ec200f83a1400e1a2feb5c2ba7b6f8c4"
            ],
            "index": "pypi",
            "version": "==3.1.1"
        },
        "factory-boy": {
            "hashes": [
                "sha256:7b1113c49736e1e9995bc2a18f4dbf2c52cf0f841103517010b1d825712ce3ca",
                "sha256:8317aa5289cdfc45f9cae570feb07a6177316c82e34d14df3c2e1f22f26abef0"
            ],
            "index": "pypi",
            "markers": "python_version >= '3.8'",
            "version": "==3.3.1"
        },
        "faker": {
            "hashes": [
                "sha256:68e5580cb6b4226710886e595eabc13127149d6e71e9d1db65506a7fbe2c7fce",
                "sha256:9b01019c1ddaf2253ca2308c0472116e993f4ad8fc9905f82fa965e0c6f932e9"
            ],
            "markers": "python_version >= '3.8'",
            "version": "==33.0.0"
        },
        "flake8": {
            "hashes": [
                "sha256:049d058491e228e03e67b390f311bbf88fce2dbaa8fa673e7aea87b7198b8d38",
                "sha256:597477df7860daa5aa0fdd84bf5208a043ab96b8e96ab708770ae0364dd03213"
            ],
            "index": "pypi",
            "markers": "python_full_version >= '3.8.1'",
            "version": "==7.1.1"
        },
        "gunicorn": {
            "hashes": [
                "sha256:ec400d38950de4dfd418cff8328b2c8faed0edb0d517d3394e457c317908ca4d",
                "sha256:f014447a0101dc57e294f6c18ca6b40227a4c90e9bdb586042628030cba004ec"
            ],
            "index": "pypi",
            "markers": "python_version >= '3.7'",
            "version": "==23.0.0"
        },
        "isort": {
            "hashes": [
                "sha256:48fdfcb9face5d58a4f6dde2e72a1fb8dcaf8ab26f95ab49fab84c2ddefb0109",
                "sha256:8ca5e72a8d85860d5a3fa69b8745237f2939afe12dbf656afbcb47fe72d947a6"
            ],
            "index": "pypi",
            "markers": "python_full_version >= '3.8.0'",
            "version": "==5.13.2"
        },
        "mccabe": {
            "hashes": [
                "sha256:348e0240c33b60bbdf4e523192ef919f28cb2c3d7d5c7794f74009290f236325",
                "sha256:6c2d30ab6be0e4a46919781807b4f0d834ebdd6c6e3dca0bda5a15f863427b6e"
            ],
            "markers": "python_version >= '3.6'",
            "version": "==0.7.0"
        },
        "packaging": {
            "hashes": [
                "sha256:09abb1bccd265c01f4a3aa3f7a7db064b36514d2cba19a2f694fe6150451a759",
                "sha256:c228a6dc5e932d346bc5739379109d49e8853dd8223571c7c5b55260edc0b97f"
            ],
            "markers": "python_version >= '3.8'",
            "version": "==24.2"
        },
        "pillow": {
            "hashes": [
                "sha256:00177a63030d612148e659b55ba99527803288cea7c75fb05766ab7981a8c1b7",
                "sha256:006bcdd307cc47ba43e924099a038cbf9591062e6c50e570819743f5607404f5",
                "sha256:084a07ef0821cfe4858fe86652fffac8e187b6ae677e9906e192aafcc1b69903",
                "sha256:0ae08bd8ffc41aebf578c2af2f9d8749d91f448b3bfd41d7d9ff573d74f2a6b2",
                "sha256:0e038b0745997c7dcaae350d35859c9715c71e92ffb7e0f4a8e8a16732150f38",
                "sha256:1187739620f2b365de756ce086fdb3604573337cc28a0d3ac4a01ab6b2d2a6d2",
                "sha256:16095692a253047fe3ec028e951fa4221a1f3ed3d80c397e83541a3037ff67c9",
                "sha256:1a61b54f87ab5786b8479f81c4b11f4d61702830354520837f8cc791ebba0f5f",
                "sha256:1c1d72714f429a521d8d2d018badc42414c3077eb187a59579f28e4270b4b0fc",
                "sha256:1e2688958a840c822279fda0086fec1fdab2f95bf2b717b66871c4ad9859d7e8",
                "sha256:20ec184af98a121fb2da42642dea8a29ec80fc3efbaefb86d8fdd2606619045d",
                "sha256:21a0d3b115009ebb8ac3d2ebec5c2982cc693da935f4ab7bb5c8ebe2f47d36f2",
                "sha256:224aaa38177597bb179f3ec87eeefcce8e4f85e608025e9cfac60de237ba6316",
                "sha256:2679d2258b7f1192b378e2893a8a0a0ca472234d4c2c0e6bdd3380e8dfa21b6a",
                "sha256:27a7860107500d813fcd203b4ea19b04babe79448268403172782754870dac25",
                "sha256:290f2cc809f9da7d6d622550bbf4c1e57518212da51b6a30fe8e0a270a5b78bd",
                "sha256:2e46773dc9f35a1dd28bd6981332fd7f27bec001a918a72a79b4133cf5291dba",
                "sha256:3107c66e43bda25359d5ef446f59c497de2b5ed4c7fdba0894f8d6cf3822dafc",
                "sha256:375b8dd15a1f5d2feafff536d47e22f69625c1aa92f12b339ec0b2ca40263273",
                "sha256:45c566eb10b8967d71bf1ab8e4a525e5a93519e29ea071459ce517f6b903d7fa",
                "sha256:499c3a1b0d6fc8213519e193796eb1a86a1be4b1877d678b30f83fd979811d1a",
                "sha256:4ad70c4214f67d7466bea6a08061eba35c01b1b89eaa098040a35272a8efb22b",
                "sha256:4b60c9520f7207aaf2e1d94de026682fc227806c6e1f55bba7606d1c94dd623a",
                "sha256:5178952973e588b3f1360868847334e9e3bf49d19e169bbbdfaf8398002419ae",
                "sha256:52a2d8323a465f84faaba5236567d212c3668f2ab53e1c74c15583cf507a0291",
                "sha256:598b4e238f13276e0008299bd2482003f48158e2b11826862b1eb2ad7c768b97",
                "sha256:5bd2d3bdb846d757055910f0a59792d33b555800813c3b39ada1829c372ccb06",
                "sha256:5c39ed17edea3bc69c743a8dd3e9853b7509625c2462532e62baa0732163a904",
                "sha256:5d203af30149ae339ad1b4f710d9844ed8796e97fda23ffbc4cc472968a47d0b",
                "sha256:5ddbfd761ee00c12ee1be86c9c0683ecf5bb14c9772ddbd782085779a63dd55b",
                "sha256:607bbe123c74e272e381a8d1957083a9463401f7bd01287f50521ecb05a313f8",
                "sha256:61b887f9ddba63ddf62fd02a3ba7add935d053b6dd7d58998c630e6dbade8527",
                "sha256:6619654954dc4936fcff82db8eb6401d3159ec6be81e33c6000dfd76ae189947",
                "sha256:674629ff60030d144b7bca2b8330225a9b11c482ed408813924619c6f302fdbb",
                "sha256:6ec0d5af64f2e3d64a165f490d96368bb5dea8b8f9ad04487f9ab60dc4bb6003",
                "sha256:6f4dba50cfa56f910241eb7f883c20f1e7b1d8f7d91c750cd0b318bad443f4d5",
                "sha256:70fbbdacd1d271b77b7721fe3cdd2d537bbbd75d29e6300c672ec6bb38d9672f",
                "sha256:72bacbaf24ac003fea9bff9837d1eedb6088758d41e100c1552930151f677739",
                "sha256:7326a1787e3c7b0429659e0a944725e1b03eeaa10edd945a86dead1913383944",
                "sha256:73853108f56df97baf2bb8b522f3578221e56f646ba345a372c78326710d3830",
                "sha256:73e3a0200cdda995c7e43dd47436c1548f87a30bb27fb871f352a22ab8dcf45f",
                "sha256:75acbbeb05b86bc53cbe7b7e6fe00fbcf82ad7c684b3ad82e3d711da9ba287d3",
                "sha256:8069c5179902dcdce0be9bfc8235347fdbac249d23bd90514b7a47a72d9fecf4",
                "sha256:846e193e103b41e984ac921b335df59195356ce3f71dcfd155aa79c603873b84",
                "sha256:8594f42df584e5b4bb9281799698403f7af489fba84c34d53d1c4bfb71b7c4e7",
                "sha256:86510e3f5eca0ab87429dd77fafc04693195eec7fd6a137c389c3eeb4cfb77c6",
                "sha256:8853a3bf12afddfdf15f57c4b02d7ded92c7a75a5d7331d19f4f9572a89c17e6",
                "sha256:88a58d8ac0cc0e7f3a014509f0455248a76629ca9b604eca7dc5927cc593c5e9",
                "sha256:8ba470552b48e5835f1d23ecb936bb7f71d206f9dfeee64245f30c3270b994de",
                "sha256:8c676b587da5673d3c75bd67dd2a8cdfeb282ca38a30f37950511766b26858c4",
                "sha256:8ec4a89295cd6cd4d1058a5e6aec6bf51e0eaaf9714774e1bfac7cfc9051db47",
                "sha256:94f3e1780abb45062287b4614a5bc0874519c86a777d4a7ad34978e86428b8dd",
                "sha256:9a0f748eaa434a41fccf8e1ee7a3eed68af1b690e75328fd7a60af123c193b50",
                "sha256:a5629742881bcbc1f42e840af185fd4d83a5edeb96475a575f4da50d6ede337c",
                "sha256:a65149d8ada1055029fcb665452b2814fe7d7082fcb0c5bed6db851cb69b2086",
                "sha256:b3c5ac4bed7519088103d9450a1107f76308ecf91d6dabc8a33a2fcfb18d0fba",
                "sha256:b4fd7bd29610a83a8c9b564d457cf5bd92b4e11e79a4ee4716a63c959699b306",
                "sha256:bcd1fb5bb7b07f64c15618c89efcc2cfa3e95f0e3bcdbaf4642509de1942a699",
                "sha256:c12b5ae868897c7338519c03049a806af85b9b8c237b7d675b8c5e089e4a618e",
                "sha256:c26845094b1af3c91852745ae78e3ea47abf3dbcd1cf962f16b9a5fbe3ee8488",
                "sha256:c6a660307ca9d4867caa8d9ca2c2658ab685de83792d1876274991adec7b93fa",
                "sha256:c809a70e43c7977c4a42aefd62f0131823ebf7dd73556fa5d5950f5b354087e2",
                "sha256:c8b2351c85d855293a299038e1f89db92a2f35e8d2f783489c6f0b2b5f3fe8a3",
                "sha256:cb929ca942d0ec4fac404cbf520ee6cac37bf35be479b970c4ffadf2b6a1cad9",
                "sha256:d2c0a187a92a1cb5ef2c8ed5412dd8d4334272617f532d4ad4de31e0495bd923",
                "sha256:d69bfd8ec3219ae71bcde1f942b728903cad25fafe3100ba2258b973bd2bc1b2",
                "sha256:daffdf51ee5db69a82dd127eabecce20729e21f7a3680cf7cbb23f0829189790",
                "sha256:e58876c91f97b0952eb766123bfef372792ab3f4e3e1f1a2267834c2ab131734",
                "sha256:eda2616eb2313cbb3eebbe51f19362eb434b18e3bb599466a1ffa76a033fb916",
                "sha256:ee217c198f2e41f184f3869f3e485557296d505b5195c513b2bfe0062dc537f1",
                "sha256:f02541ef64077f22bf4924f225c0fd1248c168f86e4b7abdedd87d6ebaceab0f",
                "sha256:f1b82c27e89fffc6da125d5eb0ca6e68017faf5efc078128cfaa42cf5cb38798",
                "sha256:fba162b8872d30fea8c52b258a542c5dfd7b235fb5cb352240c8d63b414013eb",
                "sha256:fbbcb7b57dc9c794843e3d1258c0fbf0f48656d46ffe9e09b63bbd6e8cd5d0a2",
                "sha256:fcb4621042ac4b7865c179bb972ed0da0218a076dc1820ffc48b1d74c1e37fe9"
            ],
            "index": "pypi",
            "markers": "python_version >= '3.9'",
            "version": "==11.0.0"
        },
        "psycopg2": {
            "hashes": [
                "sha256:0435034157049f6846e95103bd8f5a668788dd913a7c30162ca9503fdf542cb4",
                "sha256:12ec0b40b0273f95296233e8750441339298e6a572f7039da5b260e3c8b60e11",
                "sha256:47c4f9875125344f4c2b870e41b6aad585901318068acd01de93f3677a6522c2",
                "sha256:4a579d6243da40a7b3182e0430493dbd55950c493d8c68f4eec0b302f6bbf20e",
                "sha256:5df2b672140f95adb453af93a7d669d7a7bf0a56bcd26f1502329166f4a61716",
                "sha256:65a63d7ab0e067e2cdb3cf266de39663203d38d6a8ed97f5ca0cb315c73fe067",
                "sha256:88138c8dedcbfa96408023ea2b0c369eda40fe5d75002c0964c78f46f11fa442",
                "sha256:9d5b3b94b79a844a986d029eee38998232451119ad653aea42bb9220a8c5066b",
                "sha256:c6f7b8561225f9e711a9c47087388a97fdc948211c10a4bccbf0ba68ab7b3b5a"
            ],
            "index": "pypi",
            "markers": "python_version >= '3.8'",
            "version": "==2.9.10"
        },
        "pycodestyle": {
            "hashes": [
                "sha256:46f0fb92069a7c28ab7bb558f05bfc0110dac69a0cd23c61ea0040283a9d78b3",
                "sha256:6838eae08bbce4f6accd5d5572075c63626a15ee3e6f842df996bf62f6d73521"
            ],
            "markers": "python_version >= '3.8'",
            "version": "==2.12.1"
        },
        "pydantic": {
            "hashes": [
                "sha256:a4daca2dc0aa429555e0656d6bf94873a7dc5f54ee42b1f5873d666fb3f35560",
                "sha256:a8d20db84de64cf4a7d59e899c2caf0fe9d660c7cfc482528e7020d7dd189a7e"
            ],
            "markers": "python_version >= '3.8'",
            "version": "==2.10.1"
        },
        "pydantic-core": {
            "hashes": [
                "sha256:00e6424f4b26fe82d44577b4c842d7df97c20be6439e8e685d0d715feceb9fb9",
                "sha256:029d9757eb621cc6e1848fa0b0310310de7301057f623985698ed7ebb014391b",
                "sha256:02a3d637bd387c41d46b002f0e49c52642281edacd2740e5a42f7017feea3f2c",
                "sha256:0325336f348dbee6550d129b1627cb8f5351a9dc91aad141ffb96d4937bd9529",
                "sha256:062f60e512fc7fff8b8a9d680ff0ddaaef0193dba9fa83e679c0c5f5fbd018bc",
                "sha256:0b3dfe500de26c52abe0477dde16192ac39c98f05bf2d80e76102d394bd13854",
                "sha256:0e4216e64d203e39c62df627aa882f02a2438d18a5f21d7f721621f7a5d3611d",
                "sha256:121ceb0e822f79163dd4699e4c54f5ad38b157084d97b34de8b232bcaad70278",
                "sha256:159cac0a3d096f79ab6a44d77a961917219707e2a130739c64d4dd46281f5c2a",
                "sha256:15aae984e46de8d376df515f00450d1522077254ef6b7ce189b38ecee7c9677c",
                "sha256:15cc53a3179ba0fcefe1e3ae50beb2784dede4003ad2dfd24f81bba4b23a454f",
                "sha256:161c27ccce13b6b0c8689418da3885d3220ed2eae2ea5e9b2f7f3d48f1d52c27",
                "sha256:19910754e4cc9c63bc1c7f6d73aa1cfee82f42007e407c0f413695c2f7ed777f",
                "sha256:1ba5e3963344ff25fc8c40da90f44b0afca8cfd89d12964feb79ac1411a260ac",
                "sha256:1c00666a3bd2f84920a4e94434f5974d7bbc57e461318d6bb34ce9cdbbc1f6b2",
                "sha256:1c39b07d90be6b48968ddc8c19e7585052088fd7ec8d568bb31ff64c70ae3c97",
                "sha256:206b5cf6f0c513baffaeae7bd817717140770c74528f3e4c3e1cec7871ddd61a",
                "sha256:258c57abf1188926c774a4c94dd29237e77eda19462e5bb901d88adcab6af919",
                "sha256:2cdf7d86886bc6982354862204ae3b2f7f96f21a3eb0ba5ca0ac42c7b38598b9",
                "sha256:2d4567c850905d5eaaed2f7a404e61012a51caf288292e016360aa2b96ff38d4",
                "sha256:35c14ac45fcfdf7167ca76cc80b2001205a8d5d16d80524e13508371fb8cdd9c",
                "sha256:38de0a70160dd97540335b7ad3a74571b24f1dc3ed33f815f0880682e6880131",
                "sha256:3af385b0cee8df3746c3f406f38bcbfdc9041b5c2d5ce3e5fc6637256e60bbc5",
                "sha256:3b748c44bb9f53031c8cbc99a8a061bc181c1000c60a30f55393b6e9c45cc5bd",
                "sha256:3bbd5d8cc692616d5ef6fbbbd50dbec142c7e6ad9beb66b78a96e9c16729b089",
                "sha256:3ccaa88b24eebc0f849ce0a4d09e8a408ec5a94afff395eb69baf868f5183107",
                "sha256:3fa80ac2bd5856580e242dbc202db873c60a01b20309c8319b5c5986fbe53ce6",
                "sha256:4228b5b646caa73f119b1ae756216b59cc6e2267201c27d3912b592c5e323b60",
                "sha256:42b0e23f119b2b456d07ca91b307ae167cc3f6c846a7b169fca5326e32fdc6cf",
                "sha256:45cf8588c066860b623cd11c4ba687f8d7175d5f7ef65f7129df8a394c502de5",
                "sha256:45d9c5eb9273aa50999ad6adc6be5e0ecea7e09dbd0d31bd0c65a55a2592ca08",
                "sha256:4603137322c18eaf2e06a4495f426aa8d8388940f3c457e7548145011bb68e05",
                "sha256:46ccfe3032b3915586e469d4972973f893c0a2bb65669194a5bdea9bacc088c2",
                "sha256:4fefee876e07a6e9aad7a8c8c9f85b0cdbe7df52b8a9552307b09050f7512c7e",
                "sha256:5556470f1a2157031e676f776c2bc20acd34c1990ca5f7e56f1ebf938b9ab57c",
                "sha256:57866a76e0b3823e0b56692d1a0bf722bffb324839bb5b7226a7dbd6c9a40b17",
                "sha256:5897bec80a09b4084aee23f9b73a9477a46c3304ad1d2d07acca19723fb1de62",
                "sha256:58ca98a950171f3151c603aeea9303ef6c235f692fe555e883591103da709b23",
                "sha256:5ca038c7f6a0afd0b2448941b6ef9d5e1949e999f9e5517692eb6da58e9d44be",
                "sha256:5f6c8a66741c5f5447e047ab0ba7a1c61d1e95580d64bce852e3df1f895c4067",
                "sha256:5f8c4718cd44ec1580e180cb739713ecda2bdee1341084c1467802a417fe0f02",
                "sha256:5fde892e6c697ce3e30c61b239330fc5d569a71fefd4eb6512fc6caec9dd9e2f",
                "sha256:62a763352879b84aa31058fc931884055fd75089cccbd9d58bb6afd01141b235",
                "sha256:62ba45e21cf6571d7f716d903b5b7b6d2617e2d5d67c0923dc47b9d41369f840",
                "sha256:64c65f40b4cd8b0e049a8edde07e38b476da7e3aaebe63287c899d2cff253fa5",
                "sha256:655d7dd86f26cb15ce8a431036f66ce0318648f8853d709b4167786ec2fa4807",
                "sha256:66ff044fd0bb1768688aecbe28b6190f6e799349221fb0de0e6f4048eca14c16",
                "sha256:672ebbe820bb37988c4d136eca2652ee114992d5d41c7e4858cdd90ea94ffe5c",
                "sha256:6b9af86e1d8e4cfc82c2022bfaa6f459381a50b94a29e95dcdda8442d6d83864",
                "sha256:6e0bd57539da59a3e4671b90a502da9a28c72322a4f17866ba3ac63a82c4498e",
                "sha256:71a5e35c75c021aaf400ac048dacc855f000bdfed91614b4a726f7432f1f3d6a",
                "sha256:7597c07fbd11515f654d6ece3d0e4e5093edc30a436c63142d9a4b8e22f19c35",
                "sha256:764be71193f87d460a03f1f7385a82e226639732214b402f9aa61f0d025f0737",
                "sha256:7699b1df36a48169cdebda7ab5a2bac265204003f153b4bd17276153d997670a",
                "sha256:7ccebf51efc61634f6c2344da73e366c75e735960b5654b63d7e6f69a5885fa3",
                "sha256:7f7059ca8d64fea7f238994c97d91f75965216bcbe5f695bb44f354893f11d52",
                "sha256:8065914ff79f7eab1599bd80406681f0ad08f8e47c880f17b416c9f8f7a26d05",
                "sha256:816f5aa087094099fff7edabb5e01cc370eb21aa1a1d44fe2d2aefdfb5599b31",
                "sha256:81f2ec23ddc1b476ff96563f2e8d723830b06dceae348ce02914a37cb4e74b89",
                "sha256:84286494f6c5d05243456e04223d5a9417d7f443c3b76065e75001beb26f88de",
                "sha256:8bf7b66ce12a2ac52d16f776b31d16d91033150266eb796967a7e4621707e4f6",
                "sha256:8f1edcea27918d748c7e5e4d917297b2a0ab80cad10f86631e488b7cddf76a36",
                "sha256:981fb88516bd1ae8b0cbbd2034678a39dedc98752f264ac9bc5839d3923fa04c",
                "sha256:98476c98b02c8e9b2eec76ac4156fd006628b1b2d0ef27e548ffa978393fd154",
                "sha256:992cea5f4f3b29d6b4f7f1726ed8ee46c8331c6b4eed6db5b40134c6fe1768bb",
                "sha256:9a3b0793b1bbfd4146304e23d90045f2a9b5fd5823aa682665fbdaf2a6c28f3e",
                "sha256:9a42d6a8156ff78981f8aa56eb6394114e0dedb217cf8b729f438f643608cbcd",
                "sha256:9c10c309e18e443ddb108f0ef64e8729363adbfd92d6d57beec680f6261556f3",
                "sha256:9cbd94fc661d2bab2bc702cddd2d3370bbdcc4cd0f8f57488a81bcce90c7a54f",
                "sha256:9fdcf339322a3fae5cbd504edcefddd5a50d9ee00d968696846f089b4432cf78",
                "sha256:a0697803ed7d4af5e4c1adf1670af078f8fcab7a86350e969f454daf598c4960",
                "sha256:a28af0695a45f7060e6f9b7092558a928a28553366519f64083c63a44f70e618",
                "sha256:a2e02889071850bbfd36b56fd6bc98945e23670773bc7a76657e90e6b6603c08",
                "sha256:a33cd6ad9017bbeaa9ed78a2e0752c5e250eafb9534f308e7a5f7849b0b1bfb4",
                "sha256:a3cb37038123447cf0f3ea4c74751f6a9d7afef0eb71aa07bf5f652b5e6a132c",
                "sha256:a57847b090d7892f123726202b7daa20df6694cbd583b67a592e856bff603d6c",
                "sha256:a5a8e19d7c707c4cadb8c18f5f60c843052ae83c20fa7d44f41594c644a1d330",
                "sha256:ac3b20653bdbe160febbea8aa6c079d3df19310d50ac314911ed8cc4eb7f8cb8",
                "sha256:ac6c2c45c847bbf8f91930d88716a0fb924b51e0c6dad329b793d670ec5db792",
                "sha256:acc07b2cfc5b835444b44a9956846b578d27beeacd4b52e45489e93276241025",
                "sha256:aee66be87825cdf72ac64cb03ad4c15ffef4143dbf5c113f64a5ff4f81477bf9",
                "sha256:af52d26579b308921b73b956153066481f064875140ccd1dfd4e77db89dbb12f",
                "sha256:b94d4ba43739bbe8b0ce4262bcc3b7b9f31459ad120fb595627eaeb7f9b9ca01",
                "sha256:ba630d5e3db74c79300d9a5bdaaf6200172b107f263c98a0539eeecb857b2337",
                "sha256:bed0f8a0eeea9fb72937ba118f9db0cb7e90773462af7962d382445f3005e5a4",
                "sha256:bf99c8404f008750c846cb4ac4667b798a9f7de673ff719d705d9b2d6de49c5f",
                "sha256:c3027001c28434e7ca5a6e1e527487051136aa81803ac812be51802150d880dd",
                "sha256:c65af9088ac534313e1963443d0ec360bb2b9cba6c2909478d22c2e363d98a51",
                "sha256:d0165ab2914379bd56908c02294ed8405c252250668ebcb438a55494c69f44ab",
                "sha256:d1b26e1dff225c31897696cab7d4f0a315d4c0d9e8666dbffdb28216f3b17fdc",
                "sha256:d950caa237bb1954f1b8c9227b5065ba6875ac9771bb8ec790d956a699b78676",
                "sha256:dc61505e73298a84a2f317255fcc72b710b72980f3a1f670447a21efc88f8381",
                "sha256:e173486019cc283dc9778315fa29a363579372fe67045e971e89b6365cc035ed",
                "sha256:e1f735dc43da318cad19b4173dd1ffce1d84aafd6c9b782b3abc04a0d5a6f5bb",
                "sha256:e9386266798d64eeb19dd3677051f5705bf873e98e15897ddb7d76f477131967",
                "sha256:f216dbce0e60e4d03e0c4353c7023b202d95cbaeff12e5fd2e82ea0a66905073",
                "sha256:f4e5658dbffe8843a0f12366a4c2d1c316dbe09bb4dfbdc9d2d9cd6031de8aae",
                "sha256:f5a823165e6d04ccea61a9f0576f345f8ce40ed533013580e087bd4d7442b52c",
                "sha256:f69ed81ab24d5a3bd93861c8c4436f54afdf8e8cc421562b0c7504cf3be58206",
                "sha256:f82d068a2d6ecfc6e054726080af69a6764a10015467d7d7b9f66d6ed5afa23b"
            ],
            "markers": "python_version >= '3.8'",
            "version": "==2.27.1"
        },
        "pyflakes": {
            "hashes": [
                "sha256:1c61603ff154621fb2a9172037d84dca3500def8c8b630657d1701f026f8af3f",
                "sha256:84b5be138a2dfbb40689ca07e2152deb896a65c3a3e24c251c5c62489568074a"
            ],
            "markers": "python_version >= '3.8'",
            "version": "==3.2.0"
        },
        "python-binary-memcached": {
            "hashes": [
                "sha256:aa7c7e1a8ef27a3e89f5f1823e04c58d891ef824ce8ca26ba683be5460f17c0a",
                "sha256:e173091db6d2d7d244218ad2732edb4b99988de0894cb544d7b94dbedf2ca416"
            ],
            "version": "==0.31.3"
        },
        "python-dateutil": {
            "hashes": [
                "sha256:37dd54208da7e1cd875388217d5e00ebd4179249f90fb72437e91a35459a0ad3",
                "sha256:a8b2bc7bffae282281c8140a97d3aa9c14da0b136dfe83f850eea9a5f7470427"
            ],
            "markers": "python_version >= '2.7' and python_version not in '3.0, 3.1, 3.2, 3.3'",
            "version": "==2.9.0.post0"
        },
        "raven": {
            "hashes": [
                "sha256:3fa6de6efa2493a7c827472e984ce9b020797d0da16f1db67197bcc23c8fae54",
                "sha256:44a13f87670836e153951af9a3c80405d36b43097db869a36e92809673692ce4"
            ],
            "index": "pypi",
            "version": "==6.10.0"
        },
        "reportlab": {
            "hashes": [
                "sha256:5cf35b8fd609b68080ac7bbb0ae1e376104f7d5f7b2d3914c7adc63f2593941f",
                "sha256:eb2745525a982d9880babb991619e97ac3f661fae30571b7d50387026ca765ee"
            ],
            "index": "pypi",
            "markers": "python_version >= '3.7' and python_version < '4'",
            "version": "==4.2.5"
        },
        "segno": {
            "hashes": [
                "sha256:e90c6ff82c633f757a96d4b1fb06cc932589b5237f33be653f52252544ac64df",
                "sha256:f23da78b059251c36e210d0cf5bfb1a9ec1604ae6e9f3d42f9a7c16d306d847e"
            ],
            "markers": "python_version >= '3.5'",
            "version": "==1.6.1"
        },
        "six": {
            "hashes": [
                "sha256:1e61c37477a1626458e36f7b1d82aa5c9b094fa4802892072e49de9c60c4c926",
                "sha256:8abb2f1d86890a2dfb989f9a77cfcfd3e47c2a354b01111771326f8aa26e0254"
            ],
            "markers": "python_version >= '2.7' and python_version not in '3.0, 3.1, 3.2, 3.3'",
            "version": "==1.16.0"
        },
        "sqlparse": {
            "hashes": [
                "sha256:09f67787f56a0b16ecdbde1bfc7f5d9c3371ca683cfeaa8e6ff60b4807ec9272",
                "sha256:cf2196ed3418f3ba5de6af7e82c694a9fbdbfecccdfc72e281548517081f16ca"
            ],
            "markers": "python_version >= '3.8'",
            "version": "==0.5.3"
        },
        "static3": {
            "hashes": [
                "sha256:674641c64bc75507af2eb20bef7e7e3593dca993dec6674be108fa15b42f47c8"
            ],
            "version": "==0.7.0"
        },
        "typing-extensions": {
            "hashes": [
                "sha256:04e5ca0351e0f3f85c6853954072df659d0d13fac324d0072316b67d7794700d",
                "sha256:1a7ead55c7e559dd4dee8856e3a88b41225abfe1ce8df57b7c13915fe121ffb8"
            ],
            "markers": "python_version >= '3.8'",
            "version": "==4.12.2"
        },
        "uhashring": {
            "hashes": [
                "sha256:7ee8a25ca495a97effad10bd563c83b4054a6d7606d9530757049a04edab9297",
                "sha256:9f76187e8d8e82f6e5519c995eef1f1bf44d4a5e0fc4fdd1219a044b10040612"
            ],
            "markers": "python_version >= '3.7'",
            "version": "==2.3"
        },
        "whitenoise": {
            "hashes": [
                "sha256:486bd7267a375fa9650b136daaec156ac572971acc8bf99add90817a530dd1d4",
                "sha256:df12dce147a043d1956d81d288c6f0044147c6d2ab9726e5772ac50fb45d2280"
            ],
            "index": "pypi",
            "markers": "python_version >= '3.9'",
            "version": "==6.8.2"
        }
    },
    "develop": {}
}
